<?xml version="1.0" encoding="utf-8"?>
<Project ToolsVersion="4.0" xmlns="http://schemas.microsoft.com/developer/msbuild/2003">
  <ItemGroup>
    <Filter Include="Base">
      <UniqueIdentifier>{47974e81-ff42-4d0c-8227-fa99f8c69fd2}</UniqueIdentifier>
    </Filter>
    <Filter Include="Resource">
      <UniqueIdentifier>{29c1d6e3-875e-4d01-a01d-0974e170e5c1}</UniqueIdentifier>
    </Filter>
    <Filter Include="Scenes">
      <UniqueIdentifier>{d7d56ad3-60f4-40ad-b499-8133f5f75990}</UniqueIdentifier>
    </Filter>
    <Filter Include="Base\DX">
      <UniqueIdentifier>{57861352-b6ac-419f-9d1f-561d5941eabd}</UniqueIdentifier>
    </Filter>
    <Filter Include="Base\Gamepad">
      <UniqueIdentifier>{dd2f8020-b24e-404b-ba9d-a2f2061ada4a}</UniqueIdentifier>
    </Filter>
    <Filter Include="Base\Toolkit">
      <UniqueIdentifier>{df0d2a90-74be-4d38-a257-3fe37d2e7015}</UniqueIdentifier>
    </Filter>
    <Filter Include="Classes">
      <UniqueIdentifier>{aaea10ba-55ef-4b72-8831-08beb67da3a5}</UniqueIdentifier>
    </Filter>
    <Filter Include="Classes\CreateResources">
      <UniqueIdentifier>{fd513ddc-8c46-400a-bbbc-f77c8d7ca076}</UniqueIdentifier>
    </Filter>
    <Filter Include="Classes\Physics">
      <UniqueIdentifier>{75ee9250-a921-4fe5-966e-53e5422597cd}</UniqueIdentifier>
    </Filter>
    <Filter Include="Classes\Simulation">
      <UniqueIdentifier>{afa4480f-aaac-41ad-b4c3-c04d5ade8d64}</UniqueIdentifier>
    </Filter>
    <Filter Include="Classes\Resistry">
      <UniqueIdentifier>{64ca4538-efcd-468f-b0a3-0ea0b1f8a0ed}</UniqueIdentifier>
    </Filter>
    <Filter Include="Classes\Physics\Collider">
      <UniqueIdentifier>{67d23b97-2a57-4533-a4f1-413ec34264eb}</UniqueIdentifier>
    </Filter>
  </ItemGroup>
  <ItemGroup>
    <ClInclude Include="Base\pch.h">
      <Filter>Base</Filter>
    </ClInclude>
    <ClInclude Include="Base\GameBase.h">
      <Filter>Base</Filter>
    </ClInclude>
    <ClInclude Include="Base\DX\StepTimer.h">
      <Filter>Base\DX</Filter>
    </ClInclude>
    <ClInclude Include="Base\DX\d3dx12.h">
      <Filter>Base\DX</Filter>
    </ClInclude>
    <ClInclude Include="Scenes\DontDestroyOnLoad.h">
      <Filter>Scenes</Filter>
    </ClInclude>
    <ClInclude Include="Scenes\MainScene.h">
      <Filter>Scenes</Filter>
    </ClInclude>
    <ClInclude Include="Scenes\Scene.h">
      <Filter>Scenes</Filter>
    </ClInclude>
    <ClInclude Include="Scenes\SceneFactory.h">
      <Filter>Scenes</Filter>
    </ClInclude>
    <ClInclude Include="Base\dxtk.h">
      <Filter>Base\Toolkit</Filter>
    </ClInclude>
    <ClInclude Include="Base\wiGamepad\CommonInclude.h">
      <Filter>Base\Gamepad</Filter>
    </ClInclude>
    <ClInclude Include="Base\wiGamepad\wiColor.h">
      <Filter>Base\Gamepad</Filter>
    </ClInclude>
    <ClInclude Include="Base\wiGamepad\wiGamepad.h">
      <Filter>Base\Gamepad</Filter>
    </ClInclude>
    <ClInclude Include="Base\wiGamepad\wiInput.h">
      <Filter>Base\Gamepad</Filter>
    </ClInclude>
    <ClInclude Include="Base\wiGamepad\wiMath.h">
      <Filter>Base\Gamepad</Filter>
    </ClInclude>
    <ClInclude Include="Base\wiGamepad\wiPlatform.h">
      <Filter>Base\Gamepad</Filter>
    </ClInclude>
    <ClInclude Include="Base\wiGamepad\wiRawGamepad.h">
      <Filter>Base\Gamepad</Filter>
    </ClInclude>
    <ClInclude Include="Base\wiGamepad\wiVector.h">
      <Filter>Base\Gamepad</Filter>
    </ClInclude>
    <ClInclude Include="Base\wiGamepad\wiXInput.h">
      <Filter>Base\Gamepad</Filter>
    </ClInclude>
    <ClInclude Include="Base\Toolkits\DXTKCamera.h">
      <Filter>Base\Toolkit</Filter>
    </ClInclude>
    <ClInclude Include="Base\Toolkits\DXTKHelpers.h">
      <Filter>Base\Toolkit</Filter>
    </ClInclude>
    <ClInclude Include="Base\Toolkits\DXTKMathematics.h">
      <Filter>Base\Toolkit</Filter>
    </ClInclude>
    <ClInclude Include="Base\Toolkits\InputSystem.h">
      <Filter>Base\Toolkit</Filter>
    </ClInclude>
    <ClInclude Include="Classes\OriginalGeometric.h">
      <Filter>Classes</Filter>
    </ClInclude>
    <ClInclude Include="Classes\ObjManager.h">
      <Filter>Classes</Filter>
    </ClInclude>
    <ClInclude Include="Classes\CreateResources\ShaderManager.h">
      <Filter>Classes\CreateResources</Filter>
    </ClInclude>
    <ClInclude Include="Classes\CreateResources\PipelineManager.h">
      <Filter>Classes\CreateResources</Filter>
    </ClInclude>
    <ClInclude Include="Classes\CreateResources\CameraManager.h">
      <Filter>Classes\CreateResources</Filter>
    </ClInclude>
    <ClInclude Include="Classes\CreateResources\EffectManager.h">
      <Filter>Classes\CreateResources</Filter>
    </ClInclude>
    <ClInclude Include="Classes\Transform.h">
      <Filter>Classes</Filter>
    </ClInclude>
    <ClInclude Include="Classes\PhysicsSolver.h">
      <Filter>Classes</Filter>
    </ClInclude>
    <ClInclude Include="Classes\Collision\CollisionDetection.h">
      <Filter>Classes\Physics</Filter>
    </ClInclude>
    <ClInclude Include="Classes\Collision\Collider\PhysicsCollider.h">
      <Filter>Classes\Physics\Collider</Filter>
    </ClInclude>
    <ClInclude Include="Classes\Rigidbody.h">
      <Filter>Classes</Filter>
    </ClInclude>
    <ClInclude Include="Classes\RigidbodyManager.h">
      <Filter>Classes</Filter>
    </ClInclude>
    <ClInclude Include="Classes\Simulation\SimulationObject.h">
      <Filter>Classes\Simulation</Filter>
    </ClInclude>
    <ClInclude Include="Classes\Collision\Collider\TetrahedronCollider.h">
      <Filter>Classes\Physics\Collider</Filter>
    </ClInclude>
    <ClInclude Include="Classes\Resistry\PhysicsTypes.h">
      <Filter>Classes\Resistry</Filter>
    </ClInclude>
    <ClInclude Include="Classes\Collision\EPASolver.h">
      <Filter>Classes\Physics</Filter>
    </ClInclude>
    <ClInclude Include="Classes\Collision\GJKSolver.h">
      <Filter>Classes\Physics</Filter>
    </ClInclude>
    <ClInclude Include="Classes\Collision\Collider\PhysicsColliderFactory.h">
      <Filter>Classes\Physics\Collider</Filter>
    </ClInclude>
    <ClInclude Include="Classes\Collision\Collider\BoxCollider.h">
      <Filter>Classes\Physics\Collider</Filter>
    </ClInclude>
    <ClInclude Include="Classes\Collision\CollisionSupport.h">
      <Filter>Classes\Physics</Filter>
    </ClInclude>
  </ItemGroup>
  <ItemGroup>
    <ClCompile Include="Base\Main.cpp">
      <Filter>Base</Filter>
    </ClCompile>
    <ClCompile Include="Base\pch.cpp">
      <Filter>Base</Filter>
    </ClCompile>
    <ClCompile Include="Base\GameBase.cpp">
      <Filter>Base</Filter>
    </ClCompile>
    <ClCompile Include="Scenes\MainScene.cpp">
      <Filter>Scenes</Filter>
    </ClCompile>
    <ClCompile Include="Base\wiGamepad\wiGamepad.cpp">
      <Filter>Base\Gamepad</Filter>
    </ClCompile>
    <ClCompile Include="Base\wiGamepad\wiMath.cpp">
      <Filter>Base\Gamepad</Filter>
    </ClCompile>
    <ClCompile Include="Base\wiGamepad\wiRawGamepad.cpp">
      <Filter>Base\Gamepad</Filter>
    </ClCompile>
    <ClCompile Include="Base\wiGamepad\wiXInput.cpp">
      <Filter>Base\Gamepad</Filter>
    </ClCompile>
    <ClCompile Include="Base\Toolkits\DXTKCamera.cpp">
      <Filter>Base\Toolkit</Filter>
    </ClCompile>
    <ClCompile Include="Classes\OriginalGeometric.cpp">
      <Filter>Classes</Filter>
    </ClCompile>
    <ClCompile Include="Classes\CreateResources\ShaderManager.cpp">
      <Filter>Classes\CreateResources</Filter>
    </ClCompile>
    <ClCompile Include="Classes\CreateResources\PipelineManager.cpp">
      <Filter>Classes\CreateResources</Filter>
    </ClCompile>
    <ClCompile Include="Classes\CreateResources\CameraManager.cpp">
      <Filter>Classes\CreateResources</Filter>
    </ClCompile>
    <ClCompile Include="Classes\CreateResources\EffectManager.cpp">
      <Filter>Classes\CreateResources</Filter>
    </ClCompile>
    <ClCompile Include="Classes\Transform.cpp">
      <Filter>Classes</Filter>
    </ClCompile>
    <ClCompile Include="Classes\PhysicsSolver.cpp">
      <Filter>Classes</Filter>
    </ClCompile>
    <ClCompile Include="Classes\Collision\CollisionDetection.cpp">
      <Filter>Classes\Physics</Filter>
    </ClCompile>
    <ClCompile Include="Classes\Rigidbody.cpp">
      <Filter>Classes</Filter>
    </ClCompile>
    <ClCompile Include="Classes\RigidbodyManager.cpp">
      <Filter>Classes</Filter>
    </ClCompile>
    <ClCompile Include="Classes\Simulation\SimulationObject.cpp">
      <Filter>Classes\Simulation</Filter>
    </ClCompile>
    <ClCompile Include="Classes\Collision\Collider\TetrahedronCollider.cpp">
      <Filter>Classes\Physics\Collider</Filter>
    </ClCompile>
    <ClCompile Include="Classes\Collision\EPASolver.cpp">
      <Filter>Classes\Physics</Filter>
    </ClCompile>
    <ClCompile Include="Classes\Collision\GJKSolver.cpp">
      <Filter>Classes\Physics</Filter>
    </ClCompile>
    <ClCompile Include="Classes\Collision\Collider\BoxCollider.cpp">
      <Filter>Classes\Physics\Collider</Filter>
    </ClCompile>
    <ClCompile Include="Classes\Collision\CollisionSupport.cpp">
      <Filter>Classes\Physics</Filter>
    </ClCompile>
  </ItemGroup>
  <ItemGroup>
    <Image Include="Resource\directx.ico">
      <Filter>Resource</Filter>
    </Image>
  </ItemGroup>
  <ItemGroup>
    <ResourceCompile Include="Resource\resource.rc">
      <Filter>Resource</Filter>
    </ResourceCompile>
  </ItemGroup>
  <ItemGroup>
    <Manifest Include="Resource\settings.manifest">
      <Filter>Resource</Filter>
    </Manifest>
  </ItemGroup>
  <ItemGroup>
    <None Include="packages.config" />
  </ItemGroup>
</Project>